{
  "name": "server-files",
  "version": "1.0.0",
  "lockfileVersion": 3,
  "requires": true,
  "packages": {
    "": {
      "name": "server-files",
      "version": "1.0.0",
      "license": "ISC",
      "dependencies": {
        "request-promise": "^0.0.1"
      },
      "devDependencies": {
        "@types/ragemp-c": "github:CocaColaBear/types-ragemp-c#v2.0",
        "@types/ragemp-s": "github:CocaColaBear/types-ragemp-s#v1.0"
      }
    },
    "node_modules/@types/ragemp-c": {
      "version": "2.1.1",
      "resolved": "git+ssh://git@github.com/CocaColaBear/types-ragemp-c.git#a3c05445adf9d9303ccd695d6a192b36573e6ce8",
      "dev": true
    },
    "node_modules/@types/ragemp-s": {
      "version": "1.1.1",
      "resolved": "git+ssh://git@github.com/CocaColaBear/types-ragemp-s.git#e694d5b12b29b8b3600fc8e0b0c3a8886fcc838c",
      "dev": true
    },
    "node_modules/bluebird": {
      "version": "0.7.9-1",
      "resolved": "https://registry.npmjs.org/bluebird/-/bluebird-0.7.9-1.tgz",
      "integrity": "sha512-HE4g213pocdsdLjl3kSny6rpZLLd/khQRBaNY4U/XcoFVz1MqxlFoORGywrF0J26ShY9jrDaLJJlkYep1NW23A=="
    },
    "node_modules/request-promise": {
      "version": "0.0.1",
      "resolved": "https://registry.npmjs.org/request-promise/-/request-promise-0.0.1.tgz",
      "integrity": "sha512-PdwXlP84xsqxb5kCAk9AJ2pbu/GIjsI+mpv9t3ZXl1CMwg16xTZk1SvCpt+u55K5sCry/9E0sY74OGQCYy4XNw==",
      "deprecated": "request-promise has been deprecated because it extends the now deprecated request package, see https://github.com/request/request/issues/3142",
      "dependencies": {
        "bluebird": "~0.7.9-1"
      }
    }
  }
}
